
Microsoft Visual Studio Solution File, Format Version 12.00
# Visual Studio 2013
VisualStudioVersion = 12.0.40629.0
MinimumVisualStudioVersion = 10.0.40219.1
Project("{8BC9CEB8-8B4A-11D0-8D11-00A0C91BC942}") = "testcrashexplorer", "testcrashexplorer\testcrashexplorer_2013.vcxproj", "{6CE61109-F5E4-4C4A-B1D4-D5AF16935A6C}"
EndProject
Project("{8BC9CEB8-8B4A-11D0-8D11-00A0C91BC942}") = "testdns", "testdns\testdns_2013.vcxproj", "{9E8FBBFD-3B2F-4025-9C9E-0DFFF60DACAC}"
EndProject
Project("{8BC9CEB8-8B4A-11D0-8D11-00A0C91BC942}") = "testfile_copy", "testfile_copy\testfile_copy_2013.vcxproj", "{3676DF2F-213A-4B52-956C-92E939F60147}"
EndProject
Project("{8BC9CEB8-8B4A-11D0-8D11-00A0C91BC942}") = "testfile_copy-pipe", "testfile_copy-pipe\testfile_copy-pipe_2013.vcxproj", "{6477B43D-3F77-42C7-91CE-ECCC9619D7A0}"
EndProject
Project("{8BC9CEB8-8B4A-11D0-8D11-00A0C91BC942}") = "testframe", "testframe\testframe_2013.vcxproj", "{E44F5190-1FA7-4809-8DA9-3A7BE8304E03}"
EndProject
Project("{8BC9CEB8-8B4A-11D0-8D11-00A0C91BC942}") = "testipcclient", "testipcclient\testipcclient_2013.vcxproj", "{9F7F3ABC-6B5E-4256-B1C1-37E8DE4CDEBD}"
EndProject
Project("{8BC9CEB8-8B4A-11D0-8D11-00A0C91BC942}") = "testipcserver", "testipcserver\testipcserver_2013.vcxproj", "{F0DD3B51-6E34-4468-A6EF-8650924D27CC}"
EndProject
Project("{8BC9CEB8-8B4A-11D0-8D11-00A0C91BC942}") = "testnetclient", "testnetclient\testnetclient_2013.vcxproj", "{4EF2D7E2-4CBF-403D-9FDC-D340A42C209F}"
EndProject
Project("{8BC9CEB8-8B4A-11D0-8D11-00A0C91BC942}") = "testnetclient_ssl", "testnetclient_ssl\testnetclient_ssl_2013.vcxproj", "{B7055594-D1AF-44B6-B3E9-324730E0BE66}"
EndProject
Project("{8BC9CEB8-8B4A-11D0-8D11-00A0C91BC942}") = "testnetserver", "testnetserver\testnetserver_2013.vcxproj", "{23F45584-45A1-4227-ACAD-F553536FA591}"
EndProject
Project("{8BC9CEB8-8B4A-11D0-8D11-00A0C91BC942}") = "testnetserver_ssl", "testnetserver_ssl\testnetserver_ssl_2013.vcxproj", "{A85192AB-F9DA-4EA1-BEE1-21BB6B61723D}"
EndProject
Project("{8BC9CEB8-8B4A-11D0-8D11-00A0C91BC942}") = "mfc_testnetclient_dlg", "3rd\mfc\testnetclient_dlg\testnetclient_mfc_dlg_2013.vcxproj", "{020BC47A-63F6-4DFA-AF66-A3BDDD227B50}"
EndProject
Project("{8BC9CEB8-8B4A-11D0-8D11-00A0C91BC942}") = "mfc_testnetclient_doc", "3rd\mfc\testnetclient_doc\testnetclient_mfc_doc_2013.vcxproj", "{BDC74AB9-91A5-4928-8167-DBC6DC19918C}"
EndProject
Project("{8BC9CEB8-8B4A-11D0-8D11-00A0C91BC942}") = "mfc_testnetserver", "3rd\mfc\testnetserver\testnetserver_mfc_2013.vcxproj", "{885C4A7B-7CF4-4D73-90A2-231DACC812EB}"
EndProject
Project("{8BC9CEB8-8B4A-11D0-8D11-00A0C91BC942}") = "testconsole", "testconsole\testconsole_2013.vcxproj", "{1180EF36-619C-4889-A38E-5BDEBA1C217D}"
EndProject
Project("{8BC9CEB8-8B4A-11D0-8D11-00A0C91BC942}") = "testnetserver_socks", "testnetserver_socks\testnetserver_socks_2013.vcxproj", "{7049CABA-9C0B-4989-AA20-0CA109A8C0EC}"
EndProject
Project("{8BC9CEB8-8B4A-11D0-8D11-00A0C91BC942}") = "testnetclient_proxy", "testnetclient_proxy\testnetclient_proxy_2013.vcxproj", "{25F12900-2148-45ED-A74F-B2652C333D9E}"
EndProject
Project("{8BC9CEB8-8B4A-11D0-8D11-00A0C91BC942}") = "testnetclient_websocket", "testnetclient_websocket\testnetclient_websocket_2013.vcxproj", "{6E6F0D40-7EE3-4B6B-82D4-564436FADF7B}"
EndProject
Project("{8BC9CEB8-8B4A-11D0-8D11-00A0C91BC942}") = "testnetserver_websocket", "testnetserver_websocket\testnetserver_websocket_2013.vcxproj", "{64B8BD5F-1165-4DA2-BCC1-C3646644D2A3}"
EndProject
Project("{8BC9CEB8-8B4A-11D0-8D11-00A0C91BC942}") = "testnetserver_rtsp", "testnetserver_rtsp\testnetserver_rtsp_2013.vcxproj", "{20D9EF42-0AFE-4A79-8746-A206EF1AA0D6}"
EndProject
Project("{8BC9CEB8-8B4A-11D0-8D11-00A0C91BC942}") = "testnetclient_rtsp", "testnetclient_rtsp\testnetclient_rtsp_2013.vcxproj", "{1079CFFA-0DDC-445F-806E-62A9DB04E50A}"
EndProject
Project("{8BC9CEB8-8B4A-11D0-8D11-00A0C91BC942}") = "testcrashrpt", "testcrashexplorer\testcrashrpt_2013.vcxproj", "{A42607B7-668F-44BF-AFED-4DBF2E36BC01}"
EndProject
Project("{8BC9CEB8-8B4A-11D0-8D11-00A0C91BC942}") = "testnetserver_dtp-tcp.port", "testnetserver_dtp-tcp.port\testnetserver_dtp-tcp.port_2013.vcxproj", "{3B9F72A2-8D0C-4EAE-8A71-F3D138EE8F27}"
EndProject
Project("{8BC9CEB8-8B4A-11D0-8D11-00A0C91BC942}") = "testnetserver_dtp-udp.port", "testnetserver_dtp-udp.port\testnetserver_dtp-udp.port_2013.vcxproj", "{7F99BFE1-ECEE-4CBF-86F2-4FD6104E31E9}"
EndProject
Project("{8BC9CEB8-8B4A-11D0-8D11-00A0C91BC942}") = "testsvc", "testsvc\testsvc_2013.vcxproj", "{20ABFC03-D8CD-41D0-82E2-C7814F7B56D1}"
EndProject
Project("{8BC9CEB8-8B4A-11D0-8D11-00A0C91BC942}") = "lua_extend_testlua", "testlua\testlua\testlua_2013.vcxproj", "{6FEBE589-4BEA-4D4F-968C-303601B89B91}"
EndProject
Project("{8BC9CEB8-8B4A-11D0-8D11-00A0C91BC942}") = "lua_extend_testapi", "testlua\testapi\dll_testapi_lua_2013.vcxproj", "{AAEFD9DC-29B6-4515-A57B-543924CBA218}"
EndProject
Project("{8BC9CEB8-8B4A-11D0-8D11-00A0C91BC942}") = "jvm_testjvm", "testjava\testjvm\testjvm_2013.vcxproj", "{D85D57B3-215B-422B-89C2-133E1E3040CF}"
EndProject
Project("{8BC9CEB8-8B4A-11D0-8D11-00A0C91BC942}") = "jvm_extend_testapi", "testjava\testapi\dll_testapi_jvm_2013.vcxproj", "{CBEB6D3D-8EE6-47B9-AC64-77D14695158D}"
EndProject
Global
	GlobalSection(SolutionConfigurationPlatforms) = preSolution
		Debug|Win32 = Debug|Win32
		Debug|x64 = Debug|x64
		Release|Win32 = Release|Win32
		Release|x64 = Release|x64
	EndGlobalSection
	GlobalSection(ProjectConfigurationPlatforms) = postSolution
		{6CE61109-F5E4-4C4A-B1D4-D5AF16935A6C}.Debug|Win32.ActiveCfg = Debug|Win32
		{6CE61109-F5E4-4C4A-B1D4-D5AF16935A6C}.Debug|Win32.Build.0 = Debug|Win32
		{6CE61109-F5E4-4C4A-B1D4-D5AF16935A6C}.Debug|x64.ActiveCfg = Debug|x64
		{6CE61109-F5E4-4C4A-B1D4-D5AF16935A6C}.Debug|x64.Build.0 = Debug|x64
		{6CE61109-F5E4-4C4A-B1D4-D5AF16935A6C}.Release|Win32.ActiveCfg = Release|Win32
		{6CE61109-F5E4-4C4A-B1D4-D5AF16935A6C}.Release|Win32.Build.0 = Release|Win32
		{6CE61109-F5E4-4C4A-B1D4-D5AF16935A6C}.Release|x64.ActiveCfg = Release|x64
		{6CE61109-F5E4-4C4A-B1D4-D5AF16935A6C}.Release|x64.Build.0 = Release|x64
		{9E8FBBFD-3B2F-4025-9C9E-0DFFF60DACAC}.Debug|Win32.ActiveCfg = Debug|Win32
		{9E8FBBFD-3B2F-4025-9C9E-0DFFF60DACAC}.Debug|Win32.Build.0 = Debug|Win32
		{9E8FBBFD-3B2F-4025-9C9E-0DFFF60DACAC}.Debug|x64.ActiveCfg = Debug|x64
		{9E8FBBFD-3B2F-4025-9C9E-0DFFF60DACAC}.Debug|x64.Build.0 = Debug|x64
		{9E8FBBFD-3B2F-4025-9C9E-0DFFF60DACAC}.Release|Win32.ActiveCfg = Release|Win32
		{9E8FBBFD-3B2F-4025-9C9E-0DFFF60DACAC}.Release|Win32.Build.0 = Release|Win32
		{9E8FBBFD-3B2F-4025-9C9E-0DFFF60DACAC}.Release|x64.ActiveCfg = Release|x64
		{9E8FBBFD-3B2F-4025-9C9E-0DFFF60DACAC}.Release|x64.Build.0 = Release|x64
		{3676DF2F-213A-4B52-956C-92E939F60147}.Debug|Win32.ActiveCfg = Debug|Win32
		{3676DF2F-213A-4B52-956C-92E939F60147}.Debug|Win32.Build.0 = Debug|Win32
		{3676DF2F-213A-4B52-956C-92E939F60147}.Debug|x64.ActiveCfg = Debug|x64
		{3676DF2F-213A-4B52-956C-92E939F60147}.Debug|x64.Build.0 = Debug|x64
		{3676DF2F-213A-4B52-956C-92E939F60147}.Release|Win32.ActiveCfg = Release|Win32
		{3676DF2F-213A-4B52-956C-92E939F60147}.Release|Win32.Build.0 = Release|Win32
		{3676DF2F-213A-4B52-956C-92E939F60147}.Release|x64.ActiveCfg = Release|x64
		{3676DF2F-213A-4B52-956C-92E939F60147}.Release|x64.Build.0 = Release|x64
		{6477B43D-3F77-42C7-91CE-ECCC9619D7A0}.Debug|Win32.ActiveCfg = Debug|Win32
		{6477B43D-3F77-42C7-91CE-ECCC9619D7A0}.Debug|Win32.Build.0 = Debug|Win32
		{6477B43D-3F77-42C7-91CE-ECCC9619D7A0}.Debug|x64.ActiveCfg = Debug|x64
		{6477B43D-3F77-42C7-91CE-ECCC9619D7A0}.Debug|x64.Build.0 = Debug|x64
		{6477B43D-3F77-42C7-91CE-ECCC9619D7A0}.Release|Win32.ActiveCfg = Release|Win32
		{6477B43D-3F77-42C7-91CE-ECCC9619D7A0}.Release|Win32.Build.0 = Release|Win32
		{6477B43D-3F77-42C7-91CE-ECCC9619D7A0}.Release|x64.ActiveCfg = Release|x64
		{6477B43D-3F77-42C7-91CE-ECCC9619D7A0}.Release|x64.Build.0 = Release|x64
		{E44F5190-1FA7-4809-8DA9-3A7BE8304E03}.Debug|Win32.ActiveCfg = Debug|Win32
		{E44F5190-1FA7-4809-8DA9-3A7BE8304E03}.Debug|Win32.Build.0 = Debug|Win32
		{E44F5190-1FA7-4809-8DA9-3A7BE8304E03}.Debug|x64.ActiveCfg = Debug|x64
		{E44F5190-1FA7-4809-8DA9-3A7BE8304E03}.Debug|x64.Build.0 = Debug|x64
		{E44F5190-1FA7-4809-8DA9-3A7BE8304E03}.Release|Win32.ActiveCfg = Release|Win32
		{E44F5190-1FA7-4809-8DA9-3A7BE8304E03}.Release|Win32.Build.0 = Release|Win32
		{E44F5190-1FA7-4809-8DA9-3A7BE8304E03}.Release|x64.ActiveCfg = Release|x64
		{E44F5190-1FA7-4809-8DA9-3A7BE8304E03}.Release|x64.Build.0 = Release|x64
		{9F7F3ABC-6B5E-4256-B1C1-37E8DE4CDEBD}.Debug|Win32.ActiveCfg = Debug|Win32
		{9F7F3ABC-6B5E-4256-B1C1-37E8DE4CDEBD}.Debug|Win32.Build.0 = Debug|Win32
		{9F7F3ABC-6B5E-4256-B1C1-37E8DE4CDEBD}.Debug|x64.ActiveCfg = Debug|x64
		{9F7F3ABC-6B5E-4256-B1C1-37E8DE4CDEBD}.Debug|x64.Build.0 = Debug|x64
		{9F7F3ABC-6B5E-4256-B1C1-37E8DE4CDEBD}.Release|Win32.ActiveCfg = Release|Win32
		{9F7F3ABC-6B5E-4256-B1C1-37E8DE4CDEBD}.Release|Win32.Build.0 = Release|Win32
		{9F7F3ABC-6B5E-4256-B1C1-37E8DE4CDEBD}.Release|x64.ActiveCfg = Release|x64
		{9F7F3ABC-6B5E-4256-B1C1-37E8DE4CDEBD}.Release|x64.Build.0 = Release|x64
		{F0DD3B51-6E34-4468-A6EF-8650924D27CC}.Debug|Win32.ActiveCfg = Debug|Win32
		{F0DD3B51-6E34-4468-A6EF-8650924D27CC}.Debug|Win32.Build.0 = Debug|Win32
		{F0DD3B51-6E34-4468-A6EF-8650924D27CC}.Debug|x64.ActiveCfg = Debug|x64
		{F0DD3B51-6E34-4468-A6EF-8650924D27CC}.Debug|x64.Build.0 = Debug|x64
		{F0DD3B51-6E34-4468-A6EF-8650924D27CC}.Release|Win32.ActiveCfg = Release|Win32
		{F0DD3B51-6E34-4468-A6EF-8650924D27CC}.Release|Win32.Build.0 = Release|Win32
		{F0DD3B51-6E34-4468-A6EF-8650924D27CC}.Release|x64.ActiveCfg = Release|x64
		{F0DD3B51-6E34-4468-A6EF-8650924D27CC}.Release|x64.Build.0 = Release|x64
		{4EF2D7E2-4CBF-403D-9FDC-D340A42C209F}.Debug|Win32.ActiveCfg = Debug|Win32
		{4EF2D7E2-4CBF-403D-9FDC-D340A42C209F}.Debug|Win32.Build.0 = Debug|Win32
		{4EF2D7E2-4CBF-403D-9FDC-D340A42C209F}.Debug|x64.ActiveCfg = Debug|x64
		{4EF2D7E2-4CBF-403D-9FDC-D340A42C209F}.Debug|x64.Build.0 = Debug|x64
		{4EF2D7E2-4CBF-403D-9FDC-D340A42C209F}.Release|Win32.ActiveCfg = Release|Win32
		{4EF2D7E2-4CBF-403D-9FDC-D340A42C209F}.Release|Win32.Build.0 = Release|Win32
		{4EF2D7E2-4CBF-403D-9FDC-D340A42C209F}.Release|x64.ActiveCfg = Release|x64
		{4EF2D7E2-4CBF-403D-9FDC-D340A42C209F}.Release|x64.Build.0 = Release|x64
		{B7055594-D1AF-44B6-B3E9-324730E0BE66}.Debug|Win32.ActiveCfg = Debug|Win32
		{B7055594-D1AF-44B6-B3E9-324730E0BE66}.Debug|Win32.Build.0 = Debug|Win32
		{B7055594-D1AF-44B6-B3E9-324730E0BE66}.Debug|x64.ActiveCfg = Debug|x64
		{B7055594-D1AF-44B6-B3E9-324730E0BE66}.Debug|x64.Build.0 = Debug|x64
		{B7055594-D1AF-44B6-B3E9-324730E0BE66}.Release|Win32.ActiveCfg = Release|Win32
		{B7055594-D1AF-44B6-B3E9-324730E0BE66}.Release|Win32.Build.0 = Release|Win32
		{B7055594-D1AF-44B6-B3E9-324730E0BE66}.Release|x64.ActiveCfg = Release|x64
		{B7055594-D1AF-44B6-B3E9-324730E0BE66}.Release|x64.Build.0 = Release|x64
		{23F45584-45A1-4227-ACAD-F553536FA591}.Debug|Win32.ActiveCfg = Debug|Win32
		{23F45584-45A1-4227-ACAD-F553536FA591}.Debug|Win32.Build.0 = Debug|Win32
		{23F45584-45A1-4227-ACAD-F553536FA591}.Debug|x64.ActiveCfg = Debug|x64
		{23F45584-45A1-4227-ACAD-F553536FA591}.Debug|x64.Build.0 = Debug|x64
		{23F45584-45A1-4227-ACAD-F553536FA591}.Release|Win32.ActiveCfg = Release|Win32
		{23F45584-45A1-4227-ACAD-F553536FA591}.Release|Win32.Build.0 = Release|Win32
		{23F45584-45A1-4227-ACAD-F553536FA591}.Release|x64.ActiveCfg = Release|x64
		{23F45584-45A1-4227-ACAD-F553536FA591}.Release|x64.Build.0 = Release|x64
		{A85192AB-F9DA-4EA1-BEE1-21BB6B61723D}.Debug|Win32.ActiveCfg = Debug|Win32
		{A85192AB-F9DA-4EA1-BEE1-21BB6B61723D}.Debug|Win32.Build.0 = Debug|Win32
		{A85192AB-F9DA-4EA1-BEE1-21BB6B61723D}.Debug|x64.ActiveCfg = Debug|x64
		{A85192AB-F9DA-4EA1-BEE1-21BB6B61723D}.Debug|x64.Build.0 = Debug|x64
		{A85192AB-F9DA-4EA1-BEE1-21BB6B61723D}.Release|Win32.ActiveCfg = Release|Win32
		{A85192AB-F9DA-4EA1-BEE1-21BB6B61723D}.Release|Win32.Build.0 = Release|Win32
		{A85192AB-F9DA-4EA1-BEE1-21BB6B61723D}.Release|x64.ActiveCfg = Release|x64
		{A85192AB-F9DA-4EA1-BEE1-21BB6B61723D}.Release|x64.Build.0 = Release|x64
		{020BC47A-63F6-4DFA-AF66-A3BDDD227B50}.Debug|Win32.ActiveCfg = Debug|Win32
		{020BC47A-63F6-4DFA-AF66-A3BDDD227B50}.Debug|Win32.Build.0 = Debug|Win32
		{020BC47A-63F6-4DFA-AF66-A3BDDD227B50}.Debug|x64.ActiveCfg = Debug|x64
		{020BC47A-63F6-4DFA-AF66-A3BDDD227B50}.Debug|x64.Build.0 = Debug|x64
		{020BC47A-63F6-4DFA-AF66-A3BDDD227B50}.Release|Win32.ActiveCfg = Release|Win32
		{020BC47A-63F6-4DFA-AF66-A3BDDD227B50}.Release|Win32.Build.0 = Release|Win32
		{020BC47A-63F6-4DFA-AF66-A3BDDD227B50}.Release|x64.ActiveCfg = Release|x64
		{020BC47A-63F6-4DFA-AF66-A3BDDD227B50}.Release|x64.Build.0 = Release|x64
		{BDC74AB9-91A5-4928-8167-DBC6DC19918C}.Debug|Win32.ActiveCfg = Debug|Win32
		{BDC74AB9-91A5-4928-8167-DBC6DC19918C}.Debug|Win32.Build.0 = Debug|Win32
		{BDC74AB9-91A5-4928-8167-DBC6DC19918C}.Debug|x64.ActiveCfg = Debug|x64
		{BDC74AB9-91A5-4928-8167-DBC6DC19918C}.Debug|x64.Build.0 = Debug|x64
		{BDC74AB9-91A5-4928-8167-DBC6DC19918C}.Release|Win32.ActiveCfg = Release|Win32
		{BDC74AB9-91A5-4928-8167-DBC6DC19918C}.Release|Win32.Build.0 = Release|Win32
		{BDC74AB9-91A5-4928-8167-DBC6DC19918C}.Release|x64.ActiveCfg = Release|x64
		{BDC74AB9-91A5-4928-8167-DBC6DC19918C}.Release|x64.Build.0 = Release|x64
		{885C4A7B-7CF4-4D73-90A2-231DACC812EB}.Debug|Win32.ActiveCfg = Debug|Win32
		{885C4A7B-7CF4-4D73-90A2-231DACC812EB}.Debug|Win32.Build.0 = Debug|Win32
		{885C4A7B-7CF4-4D73-90A2-231DACC812EB}.Debug|x64.ActiveCfg = Debug|x64
		{885C4A7B-7CF4-4D73-90A2-231DACC812EB}.Debug|x64.Build.0 = Debug|x64
		{885C4A7B-7CF4-4D73-90A2-231DACC812EB}.Release|Win32.ActiveCfg = Release|Win32
		{885C4A7B-7CF4-4D73-90A2-231DACC812EB}.Release|Win32.Build.0 = Release|Win32
		{885C4A7B-7CF4-4D73-90A2-231DACC812EB}.Release|x64.ActiveCfg = Release|x64
		{885C4A7B-7CF4-4D73-90A2-231DACC812EB}.Release|x64.Build.0 = Release|x64
		{1180EF36-619C-4889-A38E-5BDEBA1C217D}.Debug|Win32.ActiveCfg = Debug|Win32
		{1180EF36-619C-4889-A38E-5BDEBA1C217D}.Debug|Win32.Build.0 = Debug|Win32
		{1180EF36-619C-4889-A38E-5BDEBA1C217D}.Debug|x64.ActiveCfg = Debug|x64
		{1180EF36-619C-4889-A38E-5BDEBA1C217D}.Debug|x64.Build.0 = Debug|x64
		{1180EF36-619C-4889-A38E-5BDEBA1C217D}.Release|Win32.ActiveCfg = Release|Win32
		{1180EF36-619C-4889-A38E-5BDEBA1C217D}.Release|Win32.Build.0 = Release|Win32
		{1180EF36-619C-4889-A38E-5BDEBA1C217D}.Release|x64.ActiveCfg = Release|x64
		{1180EF36-619C-4889-A38E-5BDEBA1C217D}.Release|x64.Build.0 = Release|x64
		{7049CABA-9C0B-4989-AA20-0CA109A8C0EC}.Debug|Win32.ActiveCfg = Debug|Win32
		{7049CABA-9C0B-4989-AA20-0CA109A8C0EC}.Debug|Win32.Build.0 = Debug|Win32
		{7049CABA-9C0B-4989-AA20-0CA109A8C0EC}.Debug|x64.ActiveCfg = Debug|x64
		{7049CABA-9C0B-4989-AA20-0CA109A8C0EC}.Debug|x64.Build.0 = Debug|x64
		{7049CABA-9C0B-4989-AA20-0CA109A8C0EC}.Release|Win32.ActiveCfg = Release|Win32
		{7049CABA-9C0B-4989-AA20-0CA109A8C0EC}.Release|Win32.Build.0 = Release|Win32
		{7049CABA-9C0B-4989-AA20-0CA109A8C0EC}.Release|x64.ActiveCfg = Release|x64
		{7049CABA-9C0B-4989-AA20-0CA109A8C0EC}.Release|x64.Build.0 = Release|x64
		{25F12900-2148-45ED-A74F-B2652C333D9E}.Debug|Win32.ActiveCfg = Debug|Win32
		{25F12900-2148-45ED-A74F-B2652C333D9E}.Debug|Win32.Build.0 = Debug|Win32
		{25F12900-2148-45ED-A74F-B2652C333D9E}.Debug|x64.ActiveCfg = Debug|x64
		{25F12900-2148-45ED-A74F-B2652C333D9E}.Debug|x64.Build.0 = Debug|x64
		{25F12900-2148-45ED-A74F-B2652C333D9E}.Release|Win32.ActiveCfg = Release|Win32
		{25F12900-2148-45ED-A74F-B2652C333D9E}.Release|Win32.Build.0 = Release|Win32
		{25F12900-2148-45ED-A74F-B2652C333D9E}.Release|x64.ActiveCfg = Release|x64
		{25F12900-2148-45ED-A74F-B2652C333D9E}.Release|x64.Build.0 = Release|x64
		{6E6F0D40-7EE3-4B6B-82D4-564436FADF7B}.Debug|Win32.ActiveCfg = Debug|Win32
		{6E6F0D40-7EE3-4B6B-82D4-564436FADF7B}.Debug|Win32.Build.0 = Debug|Win32
		{6E6F0D40-7EE3-4B6B-82D4-564436FADF7B}.Debug|x64.ActiveCfg = Debug|x64
		{6E6F0D40-7EE3-4B6B-82D4-564436FADF7B}.Debug|x64.Build.0 = Debug|x64
		{6E6F0D40-7EE3-4B6B-82D4-564436FADF7B}.Release|Win32.ActiveCfg = Release|Win32
		{6E6F0D40-7EE3-4B6B-82D4-564436FADF7B}.Release|Win32.Build.0 = Release|Win32
		{6E6F0D40-7EE3-4B6B-82D4-564436FADF7B}.Release|x64.ActiveCfg = Release|x64
		{6E6F0D40-7EE3-4B6B-82D4-564436FADF7B}.Release|x64.Build.0 = Release|x64
		{64B8BD5F-1165-4DA2-BCC1-C3646644D2A3}.Debug|Win32.ActiveCfg = Debug|Win32
		{64B8BD5F-1165-4DA2-BCC1-C3646644D2A3}.Debug|Win32.Build.0 = Debug|Win32
		{64B8BD5F-1165-4DA2-BCC1-C3646644D2A3}.Debug|x64.ActiveCfg = Debug|x64
		{64B8BD5F-1165-4DA2-BCC1-C3646644D2A3}.Debug|x64.Build.0 = Debug|x64
		{64B8BD5F-1165-4DA2-BCC1-C3646644D2A3}.Release|Win32.ActiveCfg = Release|Win32
		{64B8BD5F-1165-4DA2-BCC1-C3646644D2A3}.Release|Win32.Build.0 = Release|Win32
		{64B8BD5F-1165-4DA2-BCC1-C3646644D2A3}.Release|x64.ActiveCfg = Release|x64
		{64B8BD5F-1165-4DA2-BCC1-C3646644D2A3}.Release|x64.Build.0 = Release|x64
		{20D9EF42-0AFE-4A79-8746-A206EF1AA0D6}.Debug|Win32.ActiveCfg = Debug|Win32
		{20D9EF42-0AFE-4A79-8746-A206EF1AA0D6}.Debug|Win32.Build.0 = Debug|Win32
		{20D9EF42-0AFE-4A79-8746-A206EF1AA0D6}.Debug|x64.ActiveCfg = Debug|x64
		{20D9EF42-0AFE-4A79-8746-A206EF1AA0D6}.Debug|x64.Build.0 = Debug|x64
		{20D9EF42-0AFE-4A79-8746-A206EF1AA0D6}.Release|Win32.ActiveCfg = Release|Win32
		{20D9EF42-0AFE-4A79-8746-A206EF1AA0D6}.Release|Win32.Build.0 = Release|Win32
		{20D9EF42-0AFE-4A79-8746-A206EF1AA0D6}.Release|x64.ActiveCfg = Release|x64
		{20D9EF42-0AFE-4A79-8746-A206EF1AA0D6}.Release|x64.Build.0 = Release|x64
		{1079CFFA-0DDC-445F-806E-62A9DB04E50A}.Debug|Win32.ActiveCfg = Debug|Win32
		{1079CFFA-0DDC-445F-806E-62A9DB04E50A}.Debug|Win32.Build.0 = Debug|Win32
		{1079CFFA-0DDC-445F-806E-62A9DB04E50A}.Debug|x64.ActiveCfg = Debug|x64
		{1079CFFA-0DDC-445F-806E-62A9DB04E50A}.Debug|x64.Build.0 = Debug|x64
		{1079CFFA-0DDC-445F-806E-62A9DB04E50A}.Release|Win32.ActiveCfg = Release|Win32
		{1079CFFA-0DDC-445F-806E-62A9DB04E50A}.Release|Win32.Build.0 = Release|Win32
		{1079CFFA-0DDC-445F-806E-62A9DB04E50A}.Release|x64.ActiveCfg = Release|x64
		{1079CFFA-0DDC-445F-806E-62A9DB04E50A}.Release|x64.Build.0 = Release|x64
		{A42607B7-668F-44BF-AFED-4DBF2E36BC01}.Debug|Win32.ActiveCfg = Debug|Win32
		{A42607B7-668F-44BF-AFED-4DBF2E36BC01}.Debug|Win32.Build.0 = Debug|Win32
		{A42607B7-668F-44BF-AFED-4DBF2E36BC01}.Debug|x64.ActiveCfg = Debug|x64
		{A42607B7-668F-44BF-AFED-4DBF2E36BC01}.Debug|x64.Build.0 = Debug|x64
		{A42607B7-668F-44BF-AFED-4DBF2E36BC01}.Release|Win32.ActiveCfg = Release|Win32
		{A42607B7-668F-44BF-AFED-4DBF2E36BC01}.Release|Win32.Build.0 = Release|Win32
		{A42607B7-668F-44BF-AFED-4DBF2E36BC01}.Release|x64.ActiveCfg = Release|x64
		{A42607B7-668F-44BF-AFED-4DBF2E36BC01}.Release|x64.Build.0 = Release|x64
		{3B9F72A2-8D0C-4EAE-8A71-F3D138EE8F27}.Debug|Win32.ActiveCfg = Debug|Win32
		{3B9F72A2-8D0C-4EAE-8A71-F3D138EE8F27}.Debug|Win32.Build.0 = Debug|Win32
		{3B9F72A2-8D0C-4EAE-8A71-F3D138EE8F27}.Debug|x64.ActiveCfg = Debug|x64
		{3B9F72A2-8D0C-4EAE-8A71-F3D138EE8F27}.Debug|x64.Build.0 = Debug|x64
		{3B9F72A2-8D0C-4EAE-8A71-F3D138EE8F27}.Release|Win32.ActiveCfg = Release|Win32
		{3B9F72A2-8D0C-4EAE-8A71-F3D138EE8F27}.Release|Win32.Build.0 = Release|Win32
		{3B9F72A2-8D0C-4EAE-8A71-F3D138EE8F27}.Release|x64.ActiveCfg = Release|x64
		{3B9F72A2-8D0C-4EAE-8A71-F3D138EE8F27}.Release|x64.Build.0 = Release|x64
		{7F99BFE1-ECEE-4CBF-86F2-4FD6104E31E9}.Debug|Win32.ActiveCfg = Debug|Win32
		{7F99BFE1-ECEE-4CBF-86F2-4FD6104E31E9}.Debug|Win32.Build.0 = Debug|Win32
		{7F99BFE1-ECEE-4CBF-86F2-4FD6104E31E9}.Debug|x64.ActiveCfg = Debug|x64
		{7F99BFE1-ECEE-4CBF-86F2-4FD6104E31E9}.Debug|x64.Build.0 = Debug|x64
		{7F99BFE1-ECEE-4CBF-86F2-4FD6104E31E9}.Release|Win32.ActiveCfg = Release|Win32
		{7F99BFE1-ECEE-4CBF-86F2-4FD6104E31E9}.Release|Win32.Build.0 = Release|Win32
		{7F99BFE1-ECEE-4CBF-86F2-4FD6104E31E9}.Release|x64.ActiveCfg = Release|x64
		{7F99BFE1-ECEE-4CBF-86F2-4FD6104E31E9}.Release|x64.Build.0 = Release|x64
		{20ABFC03-D8CD-41D0-82E2-C7814F7B56D1}.Debug|Win32.ActiveCfg = Debug|Win32
		{20ABFC03-D8CD-41D0-82E2-C7814F7B56D1}.Debug|Win32.Build.0 = Debug|Win32
		{20ABFC03-D8CD-41D0-82E2-C7814F7B56D1}.Debug|x64.ActiveCfg = Debug|x64
		{20ABFC03-D8CD-41D0-82E2-C7814F7B56D1}.Debug|x64.Build.0 = Debug|x64
		{20ABFC03-D8CD-41D0-82E2-C7814F7B56D1}.Release|Win32.ActiveCfg = Release|Win32
		{20ABFC03-D8CD-41D0-82E2-C7814F7B56D1}.Release|Win32.Build.0 = Release|Win32
		{20ABFC03-D8CD-41D0-82E2-C7814F7B56D1}.Release|x64.ActiveCfg = Release|x64
		{20ABFC03-D8CD-41D0-82E2-C7814F7B56D1}.Release|x64.Build.0 = Release|x64
		{6FEBE589-4BEA-4D4F-968C-303601B89B91}.Debug|Win32.ActiveCfg = Debug|Win32
		{6FEBE589-4BEA-4D4F-968C-303601B89B91}.Debug|Win32.Build.0 = Debug|Win32
		{6FEBE589-4BEA-4D4F-968C-303601B89B91}.Debug|x64.ActiveCfg = Debug|x64
		{6FEBE589-4BEA-4D4F-968C-303601B89B91}.Debug|x64.Build.0 = Debug|x64
		{6FEBE589-4BEA-4D4F-968C-303601B89B91}.Release|Win32.ActiveCfg = Release|Win32
		{6FEBE589-4BEA-4D4F-968C-303601B89B91}.Release|Win32.Build.0 = Release|Win32
		{6FEBE589-4BEA-4D4F-968C-303601B89B91}.Release|x64.ActiveCfg = Release|x64
		{6FEBE589-4BEA-4D4F-968C-303601B89B91}.Release|x64.Build.0 = Release|x64
		{AAEFD9DC-29B6-4515-A57B-543924CBA218}.Debug|Win32.ActiveCfg = Debug|Win32
		{AAEFD9DC-29B6-4515-A57B-543924CBA218}.Debug|Win32.Build.0 = Debug|Win32
		{AAEFD9DC-29B6-4515-A57B-543924CBA218}.Debug|x64.ActiveCfg = Debug|x64
		{AAEFD9DC-29B6-4515-A57B-543924CBA218}.Debug|x64.Build.0 = Debug|x64
		{AAEFD9DC-29B6-4515-A57B-543924CBA218}.Release|Win32.ActiveCfg = Release|Win32
		{AAEFD9DC-29B6-4515-A57B-543924CBA218}.Release|Win32.Build.0 = Release|Win32
		{AAEFD9DC-29B6-4515-A57B-543924CBA218}.Release|x64.ActiveCfg = Release|x64
		{AAEFD9DC-29B6-4515-A57B-543924CBA218}.Release|x64.Build.0 = Release|x64
		{D85D57B3-215B-422B-89C2-133E1E3040CF}.Debug|Win32.ActiveCfg = Debug|Win32
		{D85D57B3-215B-422B-89C2-133E1E3040CF}.Debug|Win32.Build.0 = Debug|Win32
		{D85D57B3-215B-422B-89C2-133E1E3040CF}.Debug|x64.ActiveCfg = Debug|x64
		{D85D57B3-215B-422B-89C2-133E1E3040CF}.Debug|x64.Build.0 = Debug|x64
		{D85D57B3-215B-422B-89C2-133E1E3040CF}.Release|Win32.ActiveCfg = Release|Win32
		{D85D57B3-215B-422B-89C2-133E1E3040CF}.Release|Win32.Build.0 = Release|Win32
		{D85D57B3-215B-422B-89C2-133E1E3040CF}.Release|x64.ActiveCfg = Release|x64
		{D85D57B3-215B-422B-89C2-133E1E3040CF}.Release|x64.Build.0 = Release|x64
		{CBEB6D3D-8EE6-47B9-AC64-77D14695158D}.Debug|Win32.ActiveCfg = Debug|Win32
		{CBEB6D3D-8EE6-47B9-AC64-77D14695158D}.Debug|Win32.Build.0 = Debug|Win32
		{CBEB6D3D-8EE6-47B9-AC64-77D14695158D}.Debug|x64.ActiveCfg = Debug|x64
		{CBEB6D3D-8EE6-47B9-AC64-77D14695158D}.Debug|x64.Build.0 = Debug|x64
		{CBEB6D3D-8EE6-47B9-AC64-77D14695158D}.Release|Win32.ActiveCfg = Release|Win32
		{CBEB6D3D-8EE6-47B9-AC64-77D14695158D}.Release|Win32.Build.0 = Release|Win32
		{CBEB6D3D-8EE6-47B9-AC64-77D14695158D}.Release|x64.ActiveCfg = Release|x64
		{CBEB6D3D-8EE6-47B9-AC64-77D14695158D}.Release|x64.Build.0 = Release|x64
	EndGlobalSection
	GlobalSection(SolutionProperties) = preSolution
		HideSolutionNode = FALSE
	EndGlobalSection
EndGlobal
